dependencies:
- name: postgresql
  repository: https://charts.bitnami.com/bitnami
  version: 16.7.4
- name: minio
  repository: https://charts.min.io/
  version: 5.4.0
- name: metrics-server
  repository: https://kubernetes-sigs.github.io/metrics-server/
  version: 3.12.2
digest: sha256:4948e04bef326ad6ef5de1329a595581800677ecc5e1afe586797840ea4fc9ed
generated: "2025-05-20T13:56:13.634473+02:00"
